
Microsoft Visual Studio Solution File, Format Version 12.00
# Visual Studio Version 17
VisualStudioVersion = 17.14.36518.9 d17.14
MinimumVisualStudioVersion = 10.0.40219.1
Project("{FAE04EC0-301F-11D3-BF4B-00C04F79EFBC}") = "WinFormsApp2", "WinFormsApp2\WinFormsApp2.csproj", "{2BB48D3C-1CFE-4C7E-ACB2-33187D281AFC}"
EndProject
Global
	GlobalSection(SolutionConfigurationPlatforms) = preSolution
		Debug|Any CPU = Debug|Any CPU
		Release|Any CPU = Release|Any CPU
	EndGlobalSection
	GlobalSection(ProjectConfigurationPlatforms) = postSolution
		{2BB48D3C-1CFE-4C7E-ACB2-33187D281AFC}.Debug|Any CPU.ActiveCfg = Debug|Any CPU
		{2BB48D3C-1CFE-4C7E-ACB2-33187D281AFC}.Debug|Any CPU.Build.0 = Debug|Any CPU
		{2BB48D3C-1CFE-4C7E-ACB2-33187D281AFC}.Release|Any CPU.ActiveCfg = Release|Any CPU
		{2BB48D3C-1CFE-4C7E-ACB2-33187D281AFC}.Release|Any CPU.Build.0 = Release|Any CPU
	EndGlobalSection
	GlobalSection(SolutionProperties) = preSolution
		HideSolutionNode = FALSE
	EndGlobalSection
	GlobalSection(ExtensibilityGlobals) = postSolution
		SolutionGuid = {8A1F5C4D-08E7-492B-AE07-EE5448055094}
	EndGlobalSection
EndGlobal
